
Microsoft Visual Studio Solution File, Format Version 12.00
# Visual Studio Version 17
VisualStudioVersion = 17.11.35222.181
MinimumVisualStudioVersion = 10.0.40219.1
Project("{54A90642-561A-4BB1-A94E-469ADEE60C69}") = "dashboard", "dashboard\dashboard.esproj", "{51010A19-B137-4D84-A176-4B0FECFC8118}"
EndProject
Global
	GlobalSection(SolutionConfigurationPlatforms) = preSolution
		Debug|Any CPU = Debug|Any CPU
		Release|Any CPU = Release|Any CPU
	EndGlobalSection
	GlobalSection(ProjectConfigurationPlatforms) = postSolution
		{51010A19-B137-4D84-A176-4B0FECFC8118}.Debug|Any CPU.ActiveCfg = Debug|Any CPU
		{51010A19-B137-4D84-A176-4B0FECFC8118}.Debug|Any CPU.Build.0 = Debug|Any CPU
		{51010A19-B137-4D84-A176-4B0FECFC8118}.Debug|Any CPU.Deploy.0 = Debug|Any CPU
		{51010A19-B137-4D84-A176-4B0FECFC8118}.Release|Any CPU.ActiveCfg = Release|Any CPU
		{51010A19-B137-4D84-A176-4B0FECFC8118}.Release|Any CPU.Build.0 = Release|Any CPU
		{51010A19-B137-4D84-A176-4B0FECFC8118}.Release|Any CPU.Deploy.0 = Release|Any CPU
	EndGlobalSection
	GlobalSection(SolutionProperties) = preSolution
		HideSolutionNode = FALSE
	EndGlobalSection
	GlobalSection(ExtensibilityGlobals) = postSolution
		SolutionGuid = {B841534F-5C99-40AC-A08A-0B7E698BB2FA}
	EndGlobalSection
EndGlobal
